
Microsoft Visual Studio Solution File, Format Version 12.00
# Visual Studio 15
VisualStudioVersion = 15.0.28010.2016
MinimumVisualStudioVersion = 10.0.40219.1
Project("{FAE04EC0-301F-11D3-BF4B-00C04F79EFBC}") = "GHCLEntityLayer", "GHCLEntityLayer\GHCLEntityLayer.csproj", "{7E288519-B484-43E0-B323-8CF451C35038}"
EndProject
Project("{FAE04EC0-301F-11D3-BF4B-00C04F79EFBC}") = "GHCLDataAccessLayer", "GHCLDataAccessLayer\GHCLDataAccessLayer.csproj", "{5088FA54-C050-44D2-9F77-5440789C2783}"
EndProject
Project("{FAE04EC0-301F-11D3-BF4B-00C04F79EFBC}") = "GHCLWebApiService", "GHCLWebApiService\GHCLWebApiService.csproj", "{F795CFAE-C775-4BA0-8E4B-D355983B8672}"
EndProject
Global
	GlobalSection(SolutionConfigurationPlatforms) = preSolution
		Debug|Any CPU = Debug|Any CPU
		Release|Any CPU = Release|Any CPU
	EndGlobalSection
	GlobalSection(ProjectConfigurationPlatforms) = postSolution
		{7E288519-B484-43E0-B323-8CF451C35038}.Debug|Any CPU.ActiveCfg = Debug|Any CPU
		{7E288519-B484-43E0-B323-8CF451C35038}.Debug|Any CPU.Build.0 = Debug|Any CPU
		{7E288519-B484-43E0-B323-8CF451C35038}.Release|Any CPU.ActiveCfg = Release|Any CPU
		{7E288519-B484-43E0-B323-8CF451C35038}.Release|Any CPU.Build.0 = Release|Any CPU
		{5088FA54-C050-44D2-9F77-5440789C2783}.Debug|Any CPU.ActiveCfg = Debug|Any CPU
		{5088FA54-C050-44D2-9F77-5440789C2783}.Debug|Any CPU.Build.0 = Debug|Any CPU
		{5088FA54-C050-44D2-9F77-5440789C2783}.Release|Any CPU.ActiveCfg = Release|Any CPU
		{5088FA54-C050-44D2-9F77-5440789C2783}.Release|Any CPU.Build.0 = Release|Any CPU
		{F795CFAE-C775-4BA0-8E4B-D355983B8672}.Debug|Any CPU.ActiveCfg = Debug|Any CPU
		{F795CFAE-C775-4BA0-8E4B-D355983B8672}.Debug|Any CPU.Build.0 = Debug|Any CPU
		{F795CFAE-C775-4BA0-8E4B-D355983B8672}.Release|Any CPU.ActiveCfg = Release|Any CPU
		{F795CFAE-C775-4BA0-8E4B-D355983B8672}.Release|Any CPU.Build.0 = Release|Any CPU
	EndGlobalSection
	GlobalSection(SolutionProperties) = preSolution
		HideSolutionNode = FALSE
	EndGlobalSection
	GlobalSection(ExtensibilityGlobals) = postSolution
		SolutionGuid = {4EEBA0DC-385C-4CE2-860D-CF741DF09A8D}
	EndGlobalSection
EndGlobal
